// !$*UTF8*$!
{
	archiveVersion = 1;
	classes = {
	};
	objectVersion = 50;
	objects = {

/* Begin PBXBuildFile section */
		50A9B27F2120E0490072625C /* AppDelegate.swift in Sources */ = {isa = PBXBuildFile; fileRef = 50A9B27E2120E0490072625C /* AppDelegate.swift */; };
		50A9B2812120E0490072625C /* ViewController.swift in Sources */ = {isa = PBXBuildFile; fileRef = 50A9B2802120E0490072625C /* ViewController.swift */; };
		50A9B2842120E0490072625C /* Main.storyboard in Resources */ = {isa = PBXBuildFile; fileRef = 50A9B2822120E0490072625C /* Main.storyboard */; };
		50A9B2862120E04B0072625C /* Assets.xcassets in Resources */ = {isa = PBXBuildFile; fileRef = 50A9B2852120E04B0072625C /* Assets.xcassets */; };
		50A9B2892120E04B0072625C /* LaunchScreen.storyboard in Resources */ = {isa = PBXBuildFile; fileRef = 50A9B2872120E04B0072625C /* LaunchScreen.storyboard */; };
		50A9B2922120E0C10072625C /* ImageCropHandler.swift in Sources */ = {isa = PBXBuildFile; fileRef = 50A9B2902120E0C10072625C /* ImageCropHandler.swift */; };
		50A9B2932120E0C10072625C /* ImageViewHelper.swift in Sources */ = {isa = PBXBuildFile; fileRef = 50A9B2912120E0C10072625C /* ImageViewHelper.swift */; };
/* End PBXBuildFile section */

/* Begin PBXFileReference section */
		50A9B27B2120E0490072625C /* PhotoCrop.app */ = {isa = PBXFileReference; explicitFileType = wrapper.application; includeInIndex = 0; path = PhotoCrop.app; sourceTree = BUILT_PRODUCTS_DIR; };
		50A9B27E2120E0490072625C /* AppDelegate.swift */ = {isa = PBXFileReference; lastKnownFileType = sourcecode.swift; path = AppDelegate.swift; sourceTree = "<group>"; };
		50A9B2802120E0490072625C /* ViewController.swift */ = {isa = PBXFileReference; lastKnownFileType = sourcecode.swift; path = ViewController.swift; sourceTree = "<group>"; };
		50A9B2832120E0490072625C /* Base */ = {isa = PBXFileReference; lastKnownFileType = file.storyboard; name = Base; path = Base.lproj/Main.storyboard; sourceTree = "<group>"; };
		50A9B2852120E04B0072625C /* Assets.xcassets */ = {isa = PBXFileReference; lastKnownFileType = folder.assetcatalog; path = Assets.xcassets; sourceTree = "<group>"; };
		50A9B2882120E04B0072625C /* Base */ = {isa = PBXFileReference; lastKnownFileType = file.storyboard; name = Base; path = Base.lproj/LaunchScreen.storyboard; sourceTree = "<group>"; };
		50A9B28A2120E04B0072625C /* Info.plist */ = {isa = PBXFileReference; lastKnownFileType = text.plist.xml; path = Info.plist; sourceTree = "<group>"; };
		50A9B2902120E0C10072625C /* ImageCropHandler.swift */ = {isa = PBXFileReference; fileEncoding = 4; lastKnownFileType = sourcecode.swift; path = ImageCropHandler.swift; sourceTree = "<group>"; };
		50A9B2912120E0C10072625C /* ImageViewHelper.swift */ = {isa = PBXFileReference; fileEncoding = 4; lastKnownFileType = sourcecode.swift; path = ImageViewHelper.swift; sourceTree = "<group>"; };
/* End PBXFileReference section */

/* Begin PBXFrameworksBuildPhase section */
		50A9B2782120E0490072625C /* Frameworks */ = {
			isa = PBXFrameworksBuildPhase;
			buildActionMask = 2147483647;
			files = (
			);
			runOnlyForDeploymentPostprocessing = 0;
		};
/* End PBXFrameworksBuildPhase section */

/* Begin PBXGroup section */
		50A9B2722120E0490072625C = {
			isa = PBXGroup;
			children = (
				50A9B27D2120E0490072625C /* PhotoCrop */,
				50A9B27C2120E0490072625C /* Products */,
			);
			sourceTree = "<group>";
		};
		50A9B27C2120E0490072625C /* Products */ = {
			isa = PBXGroup;
			children = (
				50A9B27B2120E0490072625C /* PhotoCrop.app */,
			);
			name = Products;
			sourceTree = "<group>";
		};
		50A9B27D2120E0490072625C /* PhotoCrop */ = {
			isa = PBXGroup;
			children = (
				50A9B28A2120E04B0072625C /* Info.plist */,
				50A9B2872120E04B0072625C /* LaunchScreen.storyboard */,
				50A9B2822120E0490072625C /* Main.storyboard */,
				50A9B27E2120E0490072625C /* AppDelegate.swift */,
				50A9B2902120E0C10072625C /* ImageCropHandler.swift */,
				50A9B2912120E0C10072625C /* ImageViewHelper.swift */,
				50A9B2802120E0490072625C /* ViewController.swift */,
				50A9B2852120E04B0072625C /* Assets.xcassets */,
			);
			path = PhotoCrop;
			sourceTree = "<group>";
		};
/* End PBXGroup section */

/* Begin PBXNativeTarget section */
		50A9B27A2120E0490072625C /* PhotoCrop */ = {
			isa = PBXNativeTarget;
			buildConfigurationList = 50A9B28D2120E04B0072625C /* Build configuration list for PBXNativeTarget "PhotoCrop" */;
			buildPhases = (
				50A9B2772120E0490072625C /* Sources */,
				50A9B2782120E0490072625C /* Frameworks */,
				50A9B2792120E0490072625C /* Resources */,
			);
			buildRules = (
			);
			dependencies = (
			);
			name = PhotoCrop;
			productName = PhotoCrop;
			productReference = 50A9B27B2120E0490072625C /* PhotoCrop.app */;
			productType = "com.apple.product-type.application";
		};
/* End PBXNativeTarget section */

/* Begin PBXProject section */
		50A9B2732120E0490072625C /* Project object */ = {
			isa = PBXProject;
			attributes = {
				LastSwiftUpdateCheck = 0940;
				LastUpgradeCheck = 0940;
				ORGANIZATIONNAME = "Bassel Ezzeddine";
				TargetAttributes = {
					50A9B27A2120E0490072625C = {
						CreatedOnToolsVersion = 9.4.1;
					};
				};
			};
			buildConfigurationList = 50A9B2762120E0490072625C /* Build configuration list for PBXProject "PhotoCrop" */;
			compatibilityVersion = "Xcode 9.3";
			developmentRegion = en;
			hasScannedForEncodings = 0;
			knownRegions = (
				en,
				Base,
			);
			mainGroup = 50A9B2722120E0490072625C;
			productRefGroup = 50A9B27C2120E0490072625C /* Products */;
			projectDirPath = "";
			projectRoot = "";
			targets = (
				50A9B27A2120E0490072625C /* PhotoCrop */,
			);
		};
/* End PBXProject section */

/* Begin PBXResourcesBuildPhase section */
		50A9B2792120E0490072625C /* Resources */ = {
			isa = PBXResourcesBuildPhase;
			buildActionMask = 2147483647;
			files = (
				50A9B2892120E04B0072625C /* LaunchScreen.storyboard in Resources */,
				50A9B2862120E04B0072625C /* Assets.xcassets in Resources */,
				50A9B2842120E0490072625C /* Main.storyboard in Resources */,
			);
			runOnlyForDeploymentPostprocessing = 0;
		};
/* End PBXResourcesBuildPhase section */

/* Begin PBXSourcesBuildPhase section */
		50A9B2772120E0490072625C /* Sources */ = {
			isa = PBXSourcesBuildPhase;
			buildActionMask = 2147483647;
			files = (
				50A9B2922120E0C10072625C /* ImageCropHandler.swift in Sources */,
				50A9B2812120E0490072625C /* ViewController.swift in Sources */,
				50A9B2932120E0C10072625C /* ImageViewHelper.swift in Sources */,
				50A9B27F2120E0490072625C /* AppDelegate.swift in Sources */,
			);
			runOnlyForDeploymentPostprocessing = 0;
		};
/* End PBXSourcesBuildPhase section */

/* Begin PBXVariantGroup section */
		50A9B2822120E0490072625C /* Main.storyboard */ = {
			isa = PBXVariantGroup;
			children = (
				50A9B2832120E0490072625C /* Base */,
			);
			name = Main.storyboard;
			sourceTree = "<group>";
		};
		50A9B2872120E04B0072625C /* LaunchScreen.storyboard */ = {
			isa = PBXVariantGroup;
			children = (
				50A9B2882120E04B0072625C /* Base */,
			);
			name = LaunchScreen.storyboard;
			sourceTree = "<group>";
		};
/* End PBXVariantGroup section */

/* Begin XCBuildConfiguration section */
		50A9B28B2120E04B0072625C /* Debug */ = {
			isa = XCBuildConfiguration;
			buildSettings = {
				ALWAYS_SEARCH_USER_PATHS = NO;
				CLANG_ANALYZER_NONNULL = YES;
				CLANG_ANALYZER_NUMBER_OBJECT_CONVERSION = YES_AGGRESSIVE;
				CLANG_CXX_LANGUAGE_STANDARD = "gnu++14";
				CLANG_CXX_LIBRARY = "libc++";
				CLANG_ENABLE_MODULES = YES;
				CLANG_ENABLE_OBJC_ARC = YES;
				CLANG_ENABLE_OBJC_WEAK = YES;
				CLANG_WARN_BLOCK_CAPTURE_AUTORELEASING = YES;
				CLANG_WARN_BOOL_CONVERSION = YES;
				CLANG_WARN_COMMA = YES;
				CLANG_WARN_CONSTANT_CONVERSION = YES;
				CLANG_WARN_DEPRECATED_OBJC_IMPLEMENTATIONS = YES;
				CLANG_WARN_DIRECT_OBJC_ISA_USAGE = YES_ERROR;
				CLANG_WARN_DOCUMENTATION_COMMENTS = YES;
				CLANG_WARN_EMPTY_BODY = YES;
				CLANG_WARN_ENUM_CONVERSION = YES;
				CLANG_WARN_INFINITE_RECURSION = YES;
				CLANG_WARN_INT_CONVERSION = YES;
				CLANG_WARN_NON_LITERAL_NULL_CONVERSION = YES;
				CLANG_WARN_OBJC_IMPLICIT_RETAIN_SELF = YES;
				CLANG_WARN_OBJC_LITERAL_CONVERSION = YES;
				CLANG_WARN_OBJC_ROOT_CLASS = YES_ERROR;
				CLANG_WARN_RANGE_LOOP_ANALYSIS = YES;
				CLANG_WARN_STRICT_PROTOTYPES = YES;
				CLANG_WARN_SUSPICIOUS_MOVE = YES;
				CLANG_WARN_UNGUARDED_AVAILABILITY = YES_AGGRESSIVE;
				CLANG_WARN_UNREACHABLE_CODE = YES;
				CLANG_WARN__DUPLICATE_METHOD_MATCH = YES;
				CODE_SIGN_IDENTITY = "iPhone Developer";
				COPY_PHASE_STRIP = NO;
				DEBUG_INFORMATION_FORMAT = dwarf;
				ENABLE_STRICT_OBJC_MSGSEND = YES;
				ENABLE_TESTABILITY = YES;
				GCC_C_LANGUAGE_STANDARD = gnu11;
				GCC_DYNAMIC_NO_PIC = NO;
				GCC_NO_COMMON_BLOCKS = YES;
				GCC_OPTIMIZATION_LEVEL = 0;
				GCC_PREPROCESSOR_DEFINITIONS = (
					"DEBUG=1",
					"$(inherited)",
				);
				GCC_WARN_64_TO_32_BIT_CONVERSION = YES;
				GCC_WARN_ABOUT_RETURN_TYPE = YES_ERROR;
				GCC_WARN_UNDECLARED_SELECTOR = YES;
				GCC_WARN_UNINITIALIZED_AUTOS = YES_AGGRESSIVE;
				GCC_WARN_UNUSED_FUNCTION = YES;
				GCC_WARN_UNUSED_VARIABLE = YES;
				IPHONEOS_DEPLOYMENT_TARGET = 11.4;
				MTL_ENABLE_DEBUG_INFO = YES;
				ONLY_ACTIVE_ARCH = YES;
				SDKROOT = iphoneos;
				SWIFT_ACTIVE_COMPILATION_CONDITIONS = DEBUG;
				SWIFT_OPTIMIZATION_LEVEL = "-Onone";
			};
			name = Debug;
		};
		50A9B28C2120E04B0072625C /* Release */ = {
			isa = XCBuildConfiguration;
			buildSettings = {
				ALWAYS_SEARCH_USER_PATHS = NO;
				CLANG_ANALYZER_NONNULL = YES;
				CLANG_ANALYZER_NUMBER_OBJECT_CONVERSION = YES_AGGRESSIVE;
				CLANG_CXX_LANGUAGE_STANDARD = "gnu++14";
				CLANG_CXX_LIBRARY = "libc++";
				CLANG_ENABLE_MODULES = YES;
				CLANG_ENABLE_OBJC_ARC = YES;
				CLANG_ENABLE_OBJC_WEAK = YES;
				CLANG_WARN_BLOCK_CAPTURE_AUTORELEASING = YES;
				CLANG_WARN_BOOL_CONVERSION = YES;
				CLANG_WARN_COMMA = YES;
				CLANG_WARN_CONSTANT_CONVERSION = YES;
				CLANG_WARN_DEPRECATED_OBJC_IMPLEMENTATIONS = YES;
				CLANG_WARN_DIRECT_OBJC_ISA_USAGE = YES_ERROR;
				CLANG_WARN_DOCUMENTATION_COMMENTS = YES;
				CLANG_WARN_EMPTY_BODY = YES;
				CLANG_WARN_ENUM_CONVERSION = YES;
				CLANG_WARN_INFINITE_RECURSION = YES;
				CLANG_WARN_INT_CONVERSION = YES;
				CLANG_WARN_NON_LITERAL_NULL_CONVERSION = YES;
				CLANG_WARN_OBJC_IMPLICIT_RETAIN_SELF = YES;
				CLANG_WARN_OBJC_LITERAL_CONVERSION = YES;
				CLANG_WARN_OBJC_ROOT_CLASS = YES_ERROR;
				CLANG_WARN_RANGE_LOOP_ANALYSIS = YES;
				CLANG_WARN_STRICT_PROTOTYPES = YES;
				CLANG_WARN_SUSPICIOUS_MOVE = YES;
				CLANG_WARN_UNGUARDED_AVAILABILITY = YES_AGGRESSIVE;
				CLANG_WARN_UNREACHABLE_CODE = YES;
				CLANG_WARN__DUPLICATE_METHOD_MATCH = YES;
				CODE_SIGN_IDENTITY = "iPhone Developer";
				COPY_PHASE_STRIP = NO;
				DEBUG_INFORMATION_FORMAT = "dwarf-with-dsym";
				ENABLE_NS_ASSERTIONS = NO;
				ENABLE_STRICT_OBJC_MSGSEND = YES;
				GCC_C_LANGUAGE_STANDARD = gnu11;
				GCC_NO_COMMON_BLOCKS = YES;
				GCC_WARN_64_TO_32_BIT_CONVERSION = YES;
				GCC_WARN_ABOUT_RETURN_TYPE = YES_ERROR;
				GCC_WARN_UNDECLARED_SELECTOR = YES;
				GCC_WARN_UNINITIALIZED_AUTOS = YES_AGGRESSIVE;
				GCC_WARN_UNUSED_FUNCTION = YES;
				GCC_WARN_UNUSED_VARIABLE = YES;
				IPHONEOS_DEPLOYMENT_TARGET = 11.4;
				MTL_ENABLE_DEBUG_INFO = NO;
				SDKROOT = iphoneos;
				SWIFT_COMPILATION_MODE = wholemodule;
				SWIFT_OPTIMIZATION_LEVEL = "-O";
				VALIDATE_PRODUCT = YES;
			};
			name = Release;
		};
		50A9B28E2120E04B0072625C /* Debug */ = {
			isa = XCBuildConfiguration;
			buildSettings = {
				ASSETCATALOG_COMPILER_APPICON_NAME = AppIcon;
				CODE_SIGN_STYLE = Automatic;
				DEVELOPMENT_TEAM = 4BSJH4LP2Q;
				INFOPLIST_FILE = PhotoCrop/Info.plist;
				LD_RUNPATH_SEARCH_PATHS = (
					"$(inherited)",
					"@executable_path/Frameworks",
				);
				PRODUCT_BUNDLE_IDENTIFIER = com.basselezzeddine.PhotoCrop;
				PRODUCT_NAME = "$(TARGET_NAME)";
				SWIFT_VERSION = 4.0;
				TARGETED_DEVICE_FAMILY = "1,2";
			};
			name = Debug;
		};
		50A9B28F2120E04B0072625C /* Release */ = {
			isa = XCBuildConfiguration;
			buildSettings = {
				ASSETCATALOG_COMPILER_APPICON_NAME = AppIcon;
				CODE_SIGN_STYLE = Automatic;
				DEVELOPMENT_TEAM = 4BSJH4LP2Q;
				INFOPLIST_FILE = PhotoCrop/Info.plist;
				LD_RUNPATH_SEARCH_PATHS = (
					"$(inherited)",
					"@executable_path/Frameworks",
				);
				PRODUCT_BUNDLE_IDENTIFIER = com.basselezzeddine.PhotoCrop;
				PRODUCT_NAME = "$(TARGET_NAME)";
				SWIFT_VERSION = 4.0;
				TARGETED_DEVICE_FAMILY = "1,2";
			};
			name = Release;
		};
/* End XCBuildConfiguration section */

/* Begin XCConfigurationList section */
		50A9B2762120E0490072625C /* Build configuration list for PBXProject "PhotoCrop" */ = {
			isa = XCConfigurationList;
			buildConfigurations = (
				50A9B28B2120E04B0072625C /* Debug */,
				50A9B28C2120E04B0072625C /* Release */,
			);
			defaultConfigurationIsVisible = 0;
			defaultConfigurationName = Release;
		};
		50A9B28D2120E04B0072625C /* Build configuration list for PBXNativeTarget "PhotoCrop" */ = {
			isa = XCConfigurationList;
			buildConfigurations = (
				50A9B28E2120E04B0072625C /* Debug */,
				50A9B28F2120E04B0072625C /* Release */,
			);
			defaultConfigurationIsVisible = 0;
			defaultConfigurationName = Release;
		};
/* End XCConfigurationList section */
	};
	rootObject = 50A9B2732120E0490072625C /* Project object */;
}
